// !$*UTF8*$!
{
	archiveVersion = 1;
	classes = {
	};
	objectVersion = 46;
	objects = {

/* Begin PBXAggregateTarget section */
		D470C2950FDD430495346D79 /* ZERO_CHECK */ = {
			isa = PBXAggregateTarget;
			buildConfigurationList = 32657709A5A545F5B9B92EC2 /* Build configuration list for PBXAggregateTarget "ZERO_CHECK" */;
			buildPhases = (
				3FF414E2504842668C5B9CAF /* CMake Rules */,
			);
			dependencies = (
			);
			name = ZERO_CHECK;
			productName = ZERO_CHECK;
		};
		DA1C5CAF49814F08B116F34B /* ALL_BUILD */ = {
			isa = PBXAggregateTarget;
			buildConfigurationList = C5CF25C3A7884353BA6AEDA0 /* Build configuration list for PBXAggregateTarget "ALL_BUILD" */;
			buildPhases = (
				BF58EB0EFF6C4A5781F01A46 /* CMake Rules */,
			);
			dependencies = (
				71AB2D2D9F7F498284886E22 /* PBXTargetDependency */,
				0E6FEF3FE7064F47AF95EB36 /* PBXTargetDependency */,
			);
			name = ALL_BUILD;
			productName = ALL_BUILD;
		};
/* End PBXAggregateTarget section */

/* Begin PBXBuildFile section */
		14B04F059C52485087FBDF98 /* /Users/lostmoonkin/Desktop/HomeWork/OS/SimpleFileSystem/src/header/INode.h */ = {isa = PBXBuildFile; fileRef = 0CB5F85CE3D24DCCA44A55AB /* /Users/lostmoonkin/Desktop/HomeWork/OS/SimpleFileSystem/src/header/INode.h */; settings = {COMPILER_FLAGS = ""; }; };
		28D216D1D5584B078C838E5D /* /Users/lostmoonkin/Desktop/HomeWork/OS/SimpleFileSystem/src/header/User.h */ = {isa = PBXBuildFile; fileRef = 90513CC54C764CADA7C5AF91 /* /Users/lostmoonkin/Desktop/HomeWork/OS/SimpleFileSystem/src/header/User.h */; settings = {COMPILER_FLAGS = ""; }; };
		4A64C44D02C54E66AD95277C /* /Users/lostmoonkin/Desktop/HomeWork/OS/SimpleFileSystem/src/MD5.cpp */ = {isa = PBXBuildFile; fileRef = EE0001FFC41D41FEB4361D47 /* /Users/lostmoonkin/Desktop/HomeWork/OS/SimpleFileSystem/src/MD5.cpp */; settings = {COMPILER_FLAGS = ""; }; };
		4DBB2734302C4D4CBDB93C5A /* /Users/lostmoonkin/Desktop/HomeWork/OS/SimpleFileSystem/src/header/MD5.h */ = {isa = PBXBuildFile; fileRef = B79CCB04D079416DB3A22E83 /* /Users/lostmoonkin/Desktop/HomeWork/OS/SimpleFileSystem/src/header/MD5.h */; settings = {COMPILER_FLAGS = ""; }; };
		50321DE6743240D1B48A7A8B /* /Users/lostmoonkin/Desktop/HomeWork/OS/SimpleFileSystem/CMakeLists.txt */ = {isa = PBXBuildFile; fileRef = 0C90B149B6C14017A90B59B1 /* /Users/lostmoonkin/Desktop/HomeWork/OS/SimpleFileSystem/CMakeLists.txt */; settings = {COMPILER_FLAGS = ""; }; };
		553917011ADA4FC2820C086E /* /Users/lostmoonkin/Desktop/HomeWork/OS/SimpleFileSystem/src/Main.cpp */ = {isa = PBXBuildFile; fileRef = EE95AAA63CD040E2A092A980 /* /Users/lostmoonkin/Desktop/HomeWork/OS/SimpleFileSystem/src/Main.cpp */; settings = {COMPILER_FLAGS = ""; }; };
		78CE19D0C0E64F3FBB70243E /* /Users/lostmoonkin/Desktop/HomeWork/OS/SimpleFileSystem/src/header/MyExt.h */ = {isa = PBXBuildFile; fileRef = 964DA23C7F2C4CBFA378E55B /* /Users/lostmoonkin/Desktop/HomeWork/OS/SimpleFileSystem/src/header/MyExt.h */; settings = {COMPILER_FLAGS = ""; }; };
		906A2B982EDE41D48AFACA09 /* /Users/lostmoonkin/Desktop/HomeWork/OS/SimpleFileSystem/src/header/FCB.h */ = {isa = PBXBuildFile; fileRef = 026D2B25C0504B82B3D4E7C5 /* /Users/lostmoonkin/Desktop/HomeWork/OS/SimpleFileSystem/src/header/FCB.h */; settings = {COMPILER_FLAGS = ""; }; };
		969B59AB92F047E1A776F3CA /* /Users/lostmoonkin/Desktop/HomeWork/OS/SimpleFileSystem/src/header/SuperBlock.h */ = {isa = PBXBuildFile; fileRef = 0609829FB53C45BB97E4FC08 /* /Users/lostmoonkin/Desktop/HomeWork/OS/SimpleFileSystem/src/header/SuperBlock.h */; settings = {COMPILER_FLAGS = ""; }; };
		FFD7E0C9010F4AE8BBB70516 /* /Users/lostmoonkin/Desktop/HomeWork/OS/SimpleFileSystem/src/MyExt.cpp */ = {isa = PBXBuildFile; fileRef = 42800192800144A092E9E44B /* /Users/lostmoonkin/Desktop/HomeWork/OS/SimpleFileSystem/src/MyExt.cpp */; settings = {COMPILER_FLAGS = ""; }; };
/* End PBXBuildFile section */

/* Begin PBXBuildStyle section */
		26FF639BBEDB4215ACDAE463 /* Debug */ = {
			isa = PBXBuildStyle;
			buildSettings = {
				COPY_PHASE_STRIP = NO;
			};
			name = Debug;
		};
		30AE847A97004A939D85558C = {
			isa = PBXBuildStyle;
		};
		5ADECB9166334BF68150B937 /* MinSizeRel */ = {
			isa = PBXBuildStyle;
			buildSettings = {
				COPY_PHASE_STRIP = NO;
			};
			name = MinSizeRel;
		};
		E610EBE618E44844987720A4 /* Release */ = {
			isa = PBXBuildStyle;
			buildSettings = {
				COPY_PHASE_STRIP = NO;
			};
			name = Release;
		};
		F69EFD3645504B58939EE4D6 /* RelWithDebInfo */ = {
			isa = PBXBuildStyle;
			buildSettings = {
				COPY_PHASE_STRIP = NO;
			};
			name = RelWithDebInfo;
		};
/* End PBXBuildStyle section */

/* Begin PBXContainerItemProxy section */
		205AEDD0AF6D48A0BFEBDCC9 /* PBXContainerItemProxy */ = {
			isa = PBXContainerItemProxy;
			containerPortal = A88BAAC5D93E413E8A507037 /* Project object */;
			proxyType = 1;
			remoteGlobalIDString = CF22BD4435BD4A2F8B0E7D7F;
			remoteInfo = SimpleFileSystem;
		};
		902EC9F2BB6A4CE2841C6E33 /* PBXContainerItemProxy */ = {
			isa = PBXContainerItemProxy;
			containerPortal = A88BAAC5D93E413E8A507037 /* Project object */;
			proxyType = 1;
			remoteGlobalIDString = D470C2950FDD430495346D79;
			remoteInfo = ZERO_CHECK;
		};
		CE61750D91CA467BB4BEEFA2 /* PBXContainerItemProxy */ = {
			isa = PBXContainerItemProxy;
			containerPortal = A88BAAC5D93E413E8A507037 /* Project object */;
			proxyType = 1;
			remoteGlobalIDString = D470C2950FDD430495346D79;
			remoteInfo = ZERO_CHECK;
		};
/* End PBXContainerItemProxy section */

/* Begin PBXFileReference section */
		026D2B25C0504B82B3D4E7C5 /* /Users/lostmoonkin/Desktop/HomeWork/OS/SimpleFileSystem/src/header/FCB.h */ = {isa = PBXFileReference; explicitFileType = sourcecode.c.h; fileEncoding = 4; name = FCB.h; path = src/header/FCB.h; sourceTree = SOURCE_ROOT; };
		0609829FB53C45BB97E4FC08 /* /Users/lostmoonkin/Desktop/HomeWork/OS/SimpleFileSystem/src/header/SuperBlock.h */ = {isa = PBXFileReference; explicitFileType = sourcecode.c.h; fileEncoding = 4; name = SuperBlock.h; path = src/header/SuperBlock.h; sourceTree = SOURCE_ROOT; };
		0C90B149B6C14017A90B59B1 /* /Users/lostmoonkin/Desktop/HomeWork/OS/SimpleFileSystem/CMakeLists.txt */ = {isa = PBXFileReference; explicitFileType = sourcecode.text; fileEncoding = 4; name = CMakeLists.txt; path = CMakeLists.txt; sourceTree = SOURCE_ROOT; };
		0CB5F85CE3D24DCCA44A55AB /* /Users/lostmoonkin/Desktop/HomeWork/OS/SimpleFileSystem/src/header/INode.h */ = {isa = PBXFileReference; explicitFileType = sourcecode.c.h; fileEncoding = 4; name = INode.h; path = src/header/INode.h; sourceTree = SOURCE_ROOT; };
		42800192800144A092E9E44B /* /Users/lostmoonkin/Desktop/HomeWork/OS/SimpleFileSystem/src/MyExt.cpp */ = {isa = PBXFileReference; explicitFileType = sourcecode.cpp.cpp; fileEncoding = 4; name = MyExt.cpp; path = src/MyExt.cpp; sourceTree = SOURCE_ROOT; };
		5019A9F8A22A4220B16B4D11 /* /Users/lostmoonkin/Desktop/HomeWork/OS/SimpleFileSystem/CMakeLists.txt */ = {isa = PBXFileReference; explicitFileType = sourcecode.text; fileEncoding = 4; name = CMakeLists.txt; path = CMakeLists.txt; sourceTree = SOURCE_ROOT; };
		52629BCBDEC94934BFFEBC60 /* /Users/lostmoonkin/Desktop/HomeWork/OS/SimpleFileSystem/CMakeLists.txt */ = {isa = PBXFileReference; explicitFileType = sourcecode.text; fileEncoding = 4; name = CMakeLists.txt; path = CMakeLists.txt; sourceTree = SOURCE_ROOT; };
		90513CC54C764CADA7C5AF91 /* /Users/lostmoonkin/Desktop/HomeWork/OS/SimpleFileSystem/src/header/User.h */ = {isa = PBXFileReference; explicitFileType = sourcecode.c.h; fileEncoding = 4; name = User.h; path = src/header/User.h; sourceTree = SOURCE_ROOT; };
		964DA23C7F2C4CBFA378E55B /* /Users/lostmoonkin/Desktop/HomeWork/OS/SimpleFileSystem/src/header/MyExt.h */ = {isa = PBXFileReference; explicitFileType = sourcecode.c.h; fileEncoding = 4; name = MyExt.h; path = src/header/MyExt.h; sourceTree = SOURCE_ROOT; };
		B79CCB04D079416DB3A22E83 /* /Users/lostmoonkin/Desktop/HomeWork/OS/SimpleFileSystem/src/header/MD5.h */ = {isa = PBXFileReference; explicitFileType = sourcecode.c.h; fileEncoding = 4; name = MD5.h; path = src/header/MD5.h; sourceTree = SOURCE_ROOT; };
		EA9D0BA5EE3F46F9A17997D8 /* SimpleFileSystem */ = {isa = PBXFileReference; explicitFileType = "compiled.mach-o.executable"; path = SimpleFileSystem; sourceTree = BUILT_PRODUCTS_DIR; };
		EE0001FFC41D41FEB4361D47 /* /Users/lostmoonkin/Desktop/HomeWork/OS/SimpleFileSystem/src/MD5.cpp */ = {isa = PBXFileReference; explicitFileType = sourcecode.cpp.cpp; fileEncoding = 4; name = MD5.cpp; path = src/MD5.cpp; sourceTree = SOURCE_ROOT; };
		EE95AAA63CD040E2A092A980 /* /Users/lostmoonkin/Desktop/HomeWork/OS/SimpleFileSystem/src/Main.cpp */ = {isa = PBXFileReference; explicitFileType = sourcecode.cpp.cpp; fileEncoding = 4; name = Main.cpp; path = src/Main.cpp; sourceTree = SOURCE_ROOT; };
/* End PBXFileReference section */

/* Begin PBXGroup section */
		0056160F0C2D452A9318FB35 /* ZERO_CHECK */ = {
			isa = PBXGroup;
			children = (
				075E1CD558314464BD843410 /* CMake Rules */,
				5019A9F8A22A4220B16B4D11 /* /Users/lostmoonkin/Desktop/HomeWork/OS/SimpleFileSystem/CMakeLists.txt */,
			);
			name = ZERO_CHECK;
			sourceTree = "<group>";
		};
		0668DC169D8348A5ABF5BA85 /* CMake Rules */ = {
			isa = PBXGroup;
			children = (
			);
			name = "CMake Rules";
			sourceTree = "<group>";
		};
		075E1CD558314464BD843410 /* CMake Rules */ = {
			isa = PBXGroup;
			children = (
			);
			name = "CMake Rules";
			sourceTree = "<group>";
		};
		0FEF610B567740B8906990D3 = {
			isa = PBXGroup;
			children = (
				B5D38E5FA0A04859B6923D47 /* Sources */,
				48E85AEFB0C841FABBAD081D /* Resources */,
				AA32EEF47177407283A25F6B /* Products */,
			);
			sourceTree = "<group>";
		};
		48E85AEFB0C841FABBAD081D /* Resources */ = {
			isa = PBXGroup;
			children = (
			);
			name = Resources;
			sourceTree = "<group>";
		};
		624A2C0D11EF44A1B24DDC70 /* ALL_BUILD */ = {
			isa = PBXGroup;
			children = (
				0668DC169D8348A5ABF5BA85 /* CMake Rules */,
				52629BCBDEC94934BFFEBC60 /* /Users/lostmoonkin/Desktop/HomeWork/OS/SimpleFileSystem/CMakeLists.txt */,
			);
			name = ALL_BUILD;
			sourceTree = "<group>";
		};
		69673455469946ABAE846127 /* Source Files */ = {
			isa = PBXGroup;
			children = (
				EE0001FFC41D41FEB4361D47 /* /Users/lostmoonkin/Desktop/HomeWork/OS/SimpleFileSystem/src/MD5.cpp */,
				EE95AAA63CD040E2A092A980 /* /Users/lostmoonkin/Desktop/HomeWork/OS/SimpleFileSystem/src/Main.cpp */,
				42800192800144A092E9E44B /* /Users/lostmoonkin/Desktop/HomeWork/OS/SimpleFileSystem/src/MyExt.cpp */,
			);
			name = "Source Files";
			sourceTree = "<group>";
		};
		6FCAD0B769064C748001BEC9 /* Header Files */ = {
			isa = PBXGroup;
			children = (
				026D2B25C0504B82B3D4E7C5 /* /Users/lostmoonkin/Desktop/HomeWork/OS/SimpleFileSystem/src/header/FCB.h */,
				0CB5F85CE3D24DCCA44A55AB /* /Users/lostmoonkin/Desktop/HomeWork/OS/SimpleFileSystem/src/header/INode.h */,
				B79CCB04D079416DB3A22E83 /* /Users/lostmoonkin/Desktop/HomeWork/OS/SimpleFileSystem/src/header/MD5.h */,
				964DA23C7F2C4CBFA378E55B /* /Users/lostmoonkin/Desktop/HomeWork/OS/SimpleFileSystem/src/header/MyExt.h */,
				0609829FB53C45BB97E4FC08 /* /Users/lostmoonkin/Desktop/HomeWork/OS/SimpleFileSystem/src/header/SuperBlock.h */,
				90513CC54C764CADA7C5AF91 /* /Users/lostmoonkin/Desktop/HomeWork/OS/SimpleFileSystem/src/header/User.h */,
			);
			name = "Header Files";
			sourceTree = "<group>";
		};
		AA32EEF47177407283A25F6B /* Products */ = {
			isa = PBXGroup;
			children = (
				EA9D0BA5EE3F46F9A17997D8 /* SimpleFileSystem */,
			);
			name = Products;
			sourceTree = "<group>";
		};
		B5D38E5FA0A04859B6923D47 /* Sources */ = {
			isa = PBXGroup;
			children = (
				DDA7910E05BB4BCC98F71BFF /* SimpleFileSystem */,
				624A2C0D11EF44A1B24DDC70 /* ALL_BUILD */,
				0056160F0C2D452A9318FB35 /* ZERO_CHECK */,
			);
			name = Sources;
			sourceTree = "<group>";
		};
		DDA7910E05BB4BCC98F71BFF /* SimpleFileSystem */ = {
			isa = PBXGroup;
			children = (
				69673455469946ABAE846127 /* Source Files */,
				6FCAD0B769064C748001BEC9 /* Header Files */,
				0C90B149B6C14017A90B59B1 /* /Users/lostmoonkin/Desktop/HomeWork/OS/SimpleFileSystem/CMakeLists.txt */,
			);
			name = SimpleFileSystem;
			sourceTree = "<group>";
		};
/* End PBXGroup section */

/* Begin PBXNativeTarget section */
		CF22BD4435BD4A2F8B0E7D7F /* SimpleFileSystem */ = {
			isa = PBXNativeTarget;
			buildConfigurationList = 34AE4FEC2A064392B4781F31 /* Build configuration list for PBXNativeTarget "SimpleFileSystem" */;
			buildPhases = (
				FDB0F284E389471CAF961470 /* Sources */,
			);
			buildRules = (
			);
			dependencies = (
				9CA7A06DA8F3458B86C3C7F5 /* PBXTargetDependency */,
			);
			name = SimpleFileSystem;
			productName = SimpleFileSystem;
			productReference = EA9D0BA5EE3F46F9A17997D8 /* SimpleFileSystem */;
			productType = "com.apple.product-type.tool";
		};
/* End PBXNativeTarget section */

/* Begin PBXProject section */
		A88BAAC5D93E413E8A507037 /* Project object */ = {
			isa = PBXProject;
			attributes = {
				BuildIndependentTargetsInParallel = YES;
				LastUpgradeCheck = 0810;
			};
			buildConfigurationList = 67353E420EB143E1BC3AD88D /* Build configuration list for PBXProject "SimpleFileSystem" */;
			buildSettings = {
			};
			buildStyles = (
				26FF639BBEDB4215ACDAE463 /* Debug */,
				E610EBE618E44844987720A4 /* Release */,
				5ADECB9166334BF68150B937 /* MinSizeRel */,
				F69EFD3645504B58939EE4D6 /* RelWithDebInfo */,
			);
			compatibilityVersion = "Xcode 3.2";
			hasScannedForEncodings = 0;
			mainGroup = 0FEF610B567740B8906990D3;
			projectDirPath = ../;
			projectRoot = "";
			targets = (
				DA1C5CAF49814F08B116F34B /* ALL_BUILD */,
				CF22BD4435BD4A2F8B0E7D7F /* SimpleFileSystem */,
				D470C2950FDD430495346D79 /* ZERO_CHECK */,
			);
		};
/* End PBXProject section */

/* Begin PBXShellScriptBuildPhase section */
		16943BC593804215973FB0D2 = {
			isa = PBXShellScriptBuildPhase;
			buildActionMask = 2147483647;
			files = (
			);
			inputPaths = (
			);
			outputPaths = (
			);
			runOnlyForDeploymentPostprocessing = 0;
			shellPath = /bin/sh;
			shellScript = "# shell script goes here
exit 0";
			showEnvVarsInLog = 0;
		};
		3FF414E2504842668C5B9CAF /* CMake Rules */ = {
			isa = PBXShellScriptBuildPhase;
			buildActionMask = 2147483647;
			files = (
			);
			name = "CMake Rules";
			runOnlyForDeploymentPostprocessing = 0;
			shellPath = /bin/sh;
			shellScript = "make -C /Users/lostmoonkin/Desktop/HomeWork/OS/SimpleFileSystem/Xcode -f /Users/lostmoonkin/Desktop/HomeWork/OS/SimpleFileSystem/Xcode/CMakeScripts/ZERO_CHECK_cmakeRulesBuildPhase.make$CONFIGURATION all";
			showEnvVarsInLog = 0;
		};
		A9BE2A95BB9E4025842A3BD3 = {
			isa = PBXShellScriptBuildPhase;
			buildActionMask = 2147483647;
			files = (
			);
			inputPaths = (
			);
			outputPaths = (
			);
			runOnlyForDeploymentPostprocessing = 0;
			shellPath = /bin/sh;
			shellScript = "# shell script goes here
exit 0";
			showEnvVarsInLog = 0;
		};
		BF58EB0EFF6C4A5781F01A46 /* CMake Rules */ = {
			isa = PBXShellScriptBuildPhase;
			buildActionMask = 2147483647;
			files = (
			);
			name = "CMake Rules";
			runOnlyForDeploymentPostprocessing = 0;
			shellPath = /bin/sh;
			shellScript = "make -C /Users/lostmoonkin/Desktop/HomeWork/OS/SimpleFileSystem/Xcode -f /Users/lostmoonkin/Desktop/HomeWork/OS/SimpleFileSystem/Xcode/CMakeScripts/ALL_BUILD_cmakeRulesBuildPhase.make$CONFIGURATION all";
			showEnvVarsInLog = 0;
		};
/* End PBXShellScriptBuildPhase section */

/* Begin PBXSourcesBuildPhase section */
		FDB0F284E389471CAF961470 /* Sources */ = {
			isa = PBXSourcesBuildPhase;
			buildActionMask = 2147483647;
			files = (
				4A64C44D02C54E66AD95277C /* /Users/lostmoonkin/Desktop/HomeWork/OS/SimpleFileSystem/src/MD5.cpp */,
				553917011ADA4FC2820C086E /* /Users/lostmoonkin/Desktop/HomeWork/OS/SimpleFileSystem/src/Main.cpp */,
				FFD7E0C9010F4AE8BBB70516 /* /Users/lostmoonkin/Desktop/HomeWork/OS/SimpleFileSystem/src/MyExt.cpp */,
			);
			runOnlyForDeploymentPostprocessing = 0;
		};
/* End PBXSourcesBuildPhase section */

/* Begin PBXTargetDependency section */
		0E6FEF3FE7064F47AF95EB36 /* PBXTargetDependency */ = {
			isa = PBXTargetDependency;
			target = D470C2950FDD430495346D79 /* ZERO_CHECK */;
			targetProxy = 902EC9F2BB6A4CE2841C6E33 /* PBXContainerItemProxy */;
		};
		71AB2D2D9F7F498284886E22 /* PBXTargetDependency */ = {
			isa = PBXTargetDependency;
			target = CF22BD4435BD4A2F8B0E7D7F /* SimpleFileSystem */;
			targetProxy = 205AEDD0AF6D48A0BFEBDCC9 /* PBXContainerItemProxy */;
		};
		9CA7A06DA8F3458B86C3C7F5 /* PBXTargetDependency */ = {
			isa = PBXTargetDependency;
			target = D470C2950FDD430495346D79 /* ZERO_CHECK */;
			targetProxy = CE61750D91CA467BB4BEEFA2 /* PBXContainerItemProxy */;
		};
/* End PBXTargetDependency section */

/* Begin XCBuildConfiguration section */
		060BCC4AB3E84C95AAF0B4B4 /* RelWithDebInfo */ = {
			isa = XCBuildConfiguration;
			buildSettings = {
				COMBINE_HIDPI_IMAGES = YES;
				GCC_GENERATE_DEBUGGING_SYMBOLS = YES;
				GCC_INLINES_ARE_PRIVATE_EXTERN = NO;
				GCC_OPTIMIZATION_LEVEL = 0;
				GCC_PREPROCESSOR_DEFINITIONS = ("'CMAKE_INTDIR=\"$(CONFIGURATION)$(EFFECTIVE_PLATFORM_NAME)\"'");
				GCC_SYMBOLS_PRIVATE_EXTERN = NO;
				INSTALL_PATH = "";
				OTHER_LDFLAGS = " ";
				OTHER_REZFLAGS = "";
				PRODUCT_NAME = ZERO_CHECK;
				SECTORDER_FLAGS = "";
				SYMROOT = /Users/lostmoonkin/Desktop/HomeWork/OS/SimpleFileSystem/Xcode;
				USE_HEADERMAP = NO;
				WARNING_CFLAGS = ("-Wmost","-Wno-four-char-constants","-Wno-unknown-pragmas","$(inherited)");
			};
			name = RelWithDebInfo;
		};
		0D5055A4F4EE413F8AA6AF28 /* RelWithDebInfo */ = {
			isa = XCBuildConfiguration;
			buildSettings = {
				COMBINE_HIDPI_IMAGES = YES;
				GCC_GENERATE_DEBUGGING_SYMBOLS = YES;
				GCC_INLINES_ARE_PRIVATE_EXTERN = NO;
				GCC_OPTIMIZATION_LEVEL = 0;
				GCC_PREPROCESSOR_DEFINITIONS = ("'CMAKE_INTDIR=\"$(CONFIGURATION)$(EFFECTIVE_PLATFORM_NAME)\"'");
				GCC_SYMBOLS_PRIVATE_EXTERN = NO;
				INSTALL_PATH = "";
				OTHER_LDFLAGS = " ";
				OTHER_REZFLAGS = "";
				PRODUCT_NAME = ALL_BUILD;
				SECTORDER_FLAGS = "";
				SYMROOT = /Users/lostmoonkin/Desktop/HomeWork/OS/SimpleFileSystem/Xcode;
				USE_HEADERMAP = NO;
				WARNING_CFLAGS = ("-Wmost","-Wno-four-char-constants","-Wno-unknown-pragmas","$(inherited)");
			};
			name = RelWithDebInfo;
		};
		1099B7E642C24D69933697BC /* Release */ = {
			isa = XCBuildConfiguration;
			buildSettings = {
				ONLY_ACTIVE_ARCH = YES;
				SDKROOT = /Applications/Xcode.app/Contents/Developer/Platforms/MacOSX.platform/Developer/SDKs/MacOSX10.12.sdk;
				SYMROOT = /Users/lostmoonkin/Desktop/HomeWork/OS/SimpleFileSystem/Xcode/build;
			};
			name = Release;
		};
		1500F52AB55E44C3B97DCDBF /* Debug */ = {
			isa = XCBuildConfiguration;
			buildSettings = {
				COMBINE_HIDPI_IMAGES = YES;
				GCC_GENERATE_DEBUGGING_SYMBOLS = YES;
				GCC_INLINES_ARE_PRIVATE_EXTERN = NO;
				GCC_OPTIMIZATION_LEVEL = 0;
				GCC_PREPROCESSOR_DEFINITIONS = ("'CMAKE_INTDIR=\"$(CONFIGURATION)$(EFFECTIVE_PLATFORM_NAME)\"'");
				GCC_SYMBOLS_PRIVATE_EXTERN = NO;
				INSTALL_PATH = "";
				OTHER_LDFLAGS = " ";
				OTHER_REZFLAGS = "";
				PRODUCT_NAME = ZERO_CHECK;
				SECTORDER_FLAGS = "";
				SYMROOT = /Users/lostmoonkin/Desktop/HomeWork/OS/SimpleFileSystem/Xcode;
				USE_HEADERMAP = NO;
				WARNING_CFLAGS = ("-Wmost","-Wno-four-char-constants","-Wno-unknown-pragmas","$(inherited)");
			};
			name = Debug;
		};
		1912EB1F2FAE4F4C86524F96 /* RelWithDebInfo */ = {
			isa = XCBuildConfiguration;
			buildSettings = {
				ONLY_ACTIVE_ARCH = YES;
				SDKROOT = /Applications/Xcode.app/Contents/Developer/Platforms/MacOSX.platform/Developer/SDKs/MacOSX10.12.sdk;
				SYMROOT = /Users/lostmoonkin/Desktop/HomeWork/OS/SimpleFileSystem/Xcode/build;
			};
			name = RelWithDebInfo;
		};
		28AD0FE994A2471491E768C3 /* Debug */ = {
			isa = XCBuildConfiguration;
			buildSettings = {
				COMBINE_HIDPI_IMAGES = YES;
				CONFIGURATION_BUILD_DIR = /Users/lostmoonkin/Desktop/HomeWork/OS/SimpleFileSystem/Xcode/build/Debug;
				EXECUTABLE_PREFIX = "";
				EXECUTABLE_SUFFIX = "";
				GCC_GENERATE_DEBUGGING_SYMBOLS = YES;
				GCC_INLINES_ARE_PRIVATE_EXTERN = NO;
				GCC_OPTIMIZATION_LEVEL = 0;
				GCC_PREPROCESSOR_DEFINITIONS = ("'CMAKE_INTDIR=\"$(CONFIGURATION)$(EFFECTIVE_PLATFORM_NAME)\"'");
				GCC_SYMBOLS_PRIVATE_EXTERN = NO;
				INSTALL_PATH = "";
				LIBRARY_SEARCH_PATHS = "";
				OTHER_CPLUSPLUSFLAGS = " -std=c++11 -m32     ";
				OTHER_LDFLAGS = " -Wl,-search_paths_first -Wl,-headerpad_max_install_names  ";
				OTHER_REZFLAGS = "";
				PRODUCT_NAME = SimpleFileSystem;
				SECTORDER_FLAGS = "";
				SYMROOT = /Users/lostmoonkin/Desktop/HomeWork/OS/SimpleFileSystem/Xcode;
				USE_HEADERMAP = NO;
				WARNING_CFLAGS = ("-Wmost","-Wno-four-char-constants","-Wno-unknown-pragmas","$(inherited)");
			};
			name = Debug;
		};
		2CAC91E31DEA4B7184AFC0F4 /* MinSizeRel */ = {
			isa = XCBuildConfiguration;
			buildSettings = {
				COMBINE_HIDPI_IMAGES = YES;
				GCC_GENERATE_DEBUGGING_SYMBOLS = YES;
				GCC_INLINES_ARE_PRIVATE_EXTERN = NO;
				GCC_OPTIMIZATION_LEVEL = 0;
				GCC_PREPROCESSOR_DEFINITIONS = ("'CMAKE_INTDIR=\"$(CONFIGURATION)$(EFFECTIVE_PLATFORM_NAME)\"'");
				GCC_SYMBOLS_PRIVATE_EXTERN = NO;
				INSTALL_PATH = "";
				OTHER_LDFLAGS = " ";
				OTHER_REZFLAGS = "";
				PRODUCT_NAME = ALL_BUILD;
				SECTORDER_FLAGS = "";
				SYMROOT = /Users/lostmoonkin/Desktop/HomeWork/OS/SimpleFileSystem/Xcode;
				USE_HEADERMAP = NO;
				WARNING_CFLAGS = ("-Wmost","-Wno-four-char-constants","-Wno-unknown-pragmas","$(inherited)");
			};
			name = MinSizeRel;
		};
		50F41D4E853E4FB7B88EE6A5 /* Release */ = {
			isa = XCBuildConfiguration;
			buildSettings = {
				COMBINE_HIDPI_IMAGES = YES;
				CONFIGURATION_BUILD_DIR = /Users/lostmoonkin/Desktop/HomeWork/OS/SimpleFileSystem/Xcode/build/Release;
				EXECUTABLE_PREFIX = "";
				EXECUTABLE_SUFFIX = "";
				GCC_GENERATE_DEBUGGING_SYMBOLS = NO;
				GCC_INLINES_ARE_PRIVATE_EXTERN = NO;
				GCC_OPTIMIZATION_LEVEL = 3;
				GCC_PREPROCESSOR_DEFINITIONS = ("'CMAKE_INTDIR=\"$(CONFIGURATION)$(EFFECTIVE_PLATFORM_NAME)\"'");
				GCC_SYMBOLS_PRIVATE_EXTERN = NO;
				INSTALL_PATH = "";
				LIBRARY_SEARCH_PATHS = "";
				OTHER_CPLUSPLUSFLAGS = " -std=c++11 -m32     -DNDEBUG  ";
				OTHER_LDFLAGS = " -Wl,-search_paths_first -Wl,-headerpad_max_install_names  ";
				OTHER_REZFLAGS = "";
				PRODUCT_NAME = SimpleFileSystem;
				SECTORDER_FLAGS = "";
				SYMROOT = /Users/lostmoonkin/Desktop/HomeWork/OS/SimpleFileSystem/Xcode;
				USE_HEADERMAP = NO;
				WARNING_CFLAGS = ("-Wmost","-Wno-four-char-constants","-Wno-unknown-pragmas","$(inherited)");
			};
			name = Release;
		};
		630140A4BD304AC0A34276D4 /* Debug */ = {
			isa = XCBuildConfiguration;
			buildSettings = {
				ONLY_ACTIVE_ARCH = YES;
				SDKROOT = /Applications/Xcode.app/Contents/Developer/Platforms/MacOSX.platform/Developer/SDKs/MacOSX10.12.sdk;
				SYMROOT = /Users/lostmoonkin/Desktop/HomeWork/OS/SimpleFileSystem/Xcode/build;
			};
			name = Debug;
		};
		6B2AE32784E34AA3A2627831 /* MinSizeRel */ = {
			isa = XCBuildConfiguration;
			buildSettings = {
				COMBINE_HIDPI_IMAGES = YES;
				CONFIGURATION_BUILD_DIR = /Users/lostmoonkin/Desktop/HomeWork/OS/SimpleFileSystem/Xcode/build/MinSizeRel;
				EXECUTABLE_PREFIX = "";
				EXECUTABLE_SUFFIX = "";
				GCC_GENERATE_DEBUGGING_SYMBOLS = NO;
				GCC_INLINES_ARE_PRIVATE_EXTERN = NO;
				GCC_OPTIMIZATION_LEVEL = s;
				GCC_PREPROCESSOR_DEFINITIONS = ("'CMAKE_INTDIR=\"$(CONFIGURATION)$(EFFECTIVE_PLATFORM_NAME)\"'");
				GCC_SYMBOLS_PRIVATE_EXTERN = NO;
				INSTALL_PATH = "";
				LIBRARY_SEARCH_PATHS = "";
				OTHER_CPLUSPLUSFLAGS = " -std=c++11 -m32     -DNDEBUG  ";
				OTHER_LDFLAGS = " -Wl,-search_paths_first -Wl,-headerpad_max_install_names  ";
				OTHER_REZFLAGS = "";
				PRODUCT_NAME = SimpleFileSystem;
				SECTORDER_FLAGS = "";
				SYMROOT = /Users/lostmoonkin/Desktop/HomeWork/OS/SimpleFileSystem/Xcode;
				USE_HEADERMAP = NO;
				WARNING_CFLAGS = ("-Wmost","-Wno-four-char-constants","-Wno-unknown-pragmas","$(inherited)");
			};
			name = MinSizeRel;
		};
		8443E5785E9C4F2FAE9905AA /* MinSizeRel */ = {
			isa = XCBuildConfiguration;
			buildSettings = {
				COMBINE_HIDPI_IMAGES = YES;
				GCC_GENERATE_DEBUGGING_SYMBOLS = YES;
				GCC_INLINES_ARE_PRIVATE_EXTERN = NO;
				GCC_OPTIMIZATION_LEVEL = 0;
				GCC_PREPROCESSOR_DEFINITIONS = ("'CMAKE_INTDIR=\"$(CONFIGURATION)$(EFFECTIVE_PLATFORM_NAME)\"'");
				GCC_SYMBOLS_PRIVATE_EXTERN = NO;
				INSTALL_PATH = "";
				OTHER_LDFLAGS = " ";
				OTHER_REZFLAGS = "";
				PRODUCT_NAME = ZERO_CHECK;
				SECTORDER_FLAGS = "";
				SYMROOT = /Users/lostmoonkin/Desktop/HomeWork/OS/SimpleFileSystem/Xcode;
				USE_HEADERMAP = NO;
				WARNING_CFLAGS = ("-Wmost","-Wno-four-char-constants","-Wno-unknown-pragmas","$(inherited)");
			};
			name = MinSizeRel;
		};
		A35AFAF93D46476C899A8BBB /* Debug */ = {
			isa = XCBuildConfiguration;
			buildSettings = {
				COMBINE_HIDPI_IMAGES = YES;
				GCC_GENERATE_DEBUGGING_SYMBOLS = YES;
				GCC_INLINES_ARE_PRIVATE_EXTERN = NO;
				GCC_OPTIMIZATION_LEVEL = 0;
				GCC_PREPROCESSOR_DEFINITIONS = ("'CMAKE_INTDIR=\"$(CONFIGURATION)$(EFFECTIVE_PLATFORM_NAME)\"'");
				GCC_SYMBOLS_PRIVATE_EXTERN = NO;
				INSTALL_PATH = "";
				OTHER_LDFLAGS = " ";
				OTHER_REZFLAGS = "";
				PRODUCT_NAME = ALL_BUILD;
				SECTORDER_FLAGS = "";
				SYMROOT = /Users/lostmoonkin/Desktop/HomeWork/OS/SimpleFileSystem/Xcode;
				USE_HEADERMAP = NO;
				WARNING_CFLAGS = ("-Wmost","-Wno-four-char-constants","-Wno-unknown-pragmas","$(inherited)");
			};
			name = Debug;
		};
		D79FFA95EE59423599C5348A /* MinSizeRel */ = {
			isa = XCBuildConfiguration;
			buildSettings = {
				ONLY_ACTIVE_ARCH = YES;
				SDKROOT = /Applications/Xcode.app/Contents/Developer/Platforms/MacOSX.platform/Developer/SDKs/MacOSX10.12.sdk;
				SYMROOT = /Users/lostmoonkin/Desktop/HomeWork/OS/SimpleFileSystem/Xcode/build;
			};
			name = MinSizeRel;
		};
		DD25437C3DF8436389F5D7BF /* Release */ = {
			isa = XCBuildConfiguration;
			buildSettings = {
				COMBINE_HIDPI_IMAGES = YES;
				GCC_GENERATE_DEBUGGING_SYMBOLS = YES;
				GCC_INLINES_ARE_PRIVATE_EXTERN = NO;
				GCC_OPTIMIZATION_LEVEL = 0;
				GCC_PREPROCESSOR_DEFINITIONS = ("'CMAKE_INTDIR=\"$(CONFIGURATION)$(EFFECTIVE_PLATFORM_NAME)\"'");
				GCC_SYMBOLS_PRIVATE_EXTERN = NO;
				INSTALL_PATH = "";
				OTHER_LDFLAGS = " ";
				OTHER_REZFLAGS = "";
				PRODUCT_NAME = ZERO_CHECK;
				SECTORDER_FLAGS = "";
				SYMROOT = /Users/lostmoonkin/Desktop/HomeWork/OS/SimpleFileSystem/Xcode;
				USE_HEADERMAP = NO;
				WARNING_CFLAGS = ("-Wmost","-Wno-four-char-constants","-Wno-unknown-pragmas","$(inherited)");
			};
			name = Release;
		};
		E03F4A24B7E049ED912E7CE0 /* Release */ = {
			isa = XCBuildConfiguration;
			buildSettings = {
				COMBINE_HIDPI_IMAGES = YES;
				GCC_GENERATE_DEBUGGING_SYMBOLS = YES;
				GCC_INLINES_ARE_PRIVATE_EXTERN = NO;
				GCC_OPTIMIZATION_LEVEL = 0;
				GCC_PREPROCESSOR_DEFINITIONS = ("'CMAKE_INTDIR=\"$(CONFIGURATION)$(EFFECTIVE_PLATFORM_NAME)\"'");
				GCC_SYMBOLS_PRIVATE_EXTERN = NO;
				INSTALL_PATH = "";
				OTHER_LDFLAGS = " ";
				OTHER_REZFLAGS = "";
				PRODUCT_NAME = ALL_BUILD;
				SECTORDER_FLAGS = "";
				SYMROOT = /Users/lostmoonkin/Desktop/HomeWork/OS/SimpleFileSystem/Xcode;
				USE_HEADERMAP = NO;
				WARNING_CFLAGS = ("-Wmost","-Wno-four-char-constants","-Wno-unknown-pragmas","$(inherited)");
			};
			name = Release;
		};
		F55A1FD202E34FF682A84FD8 /* RelWithDebInfo */ = {
			isa = XCBuildConfiguration;
			buildSettings = {
				COMBINE_HIDPI_IMAGES = YES;
				CONFIGURATION_BUILD_DIR = /Users/lostmoonkin/Desktop/HomeWork/OS/SimpleFileSystem/Xcode/build/RelWithDebInfo;
				EXECUTABLE_PREFIX = "";
				EXECUTABLE_SUFFIX = "";
				GCC_GENERATE_DEBUGGING_SYMBOLS = YES;
				GCC_INLINES_ARE_PRIVATE_EXTERN = NO;
				GCC_OPTIMIZATION_LEVEL = 2;
				GCC_PREPROCESSOR_DEFINITIONS = ("'CMAKE_INTDIR=\"$(CONFIGURATION)$(EFFECTIVE_PLATFORM_NAME)\"'");
				GCC_SYMBOLS_PRIVATE_EXTERN = NO;
				INSTALL_PATH = "";
				LIBRARY_SEARCH_PATHS = "";
				OTHER_CPLUSPLUSFLAGS = " -std=c++11 -m32        -DNDEBUG  ";
				OTHER_LDFLAGS = " -Wl,-search_paths_first -Wl,-headerpad_max_install_names  ";
				OTHER_REZFLAGS = "";
				PRODUCT_NAME = SimpleFileSystem;
				SECTORDER_FLAGS = "";
				SYMROOT = /Users/lostmoonkin/Desktop/HomeWork/OS/SimpleFileSystem/Xcode;
				USE_HEADERMAP = NO;
				WARNING_CFLAGS = ("-Wmost","-Wno-four-char-constants","-Wno-unknown-pragmas","$(inherited)");
			};
			name = RelWithDebInfo;
		};
/* End XCBuildConfiguration section */

/* Begin XCConfigurationList section */
		32657709A5A545F5B9B92EC2 /* Build configuration list for PBXAggregateTarget "ZERO_CHECK" */ = {
			isa = XCConfigurationList;
			buildConfigurations = (
				1500F52AB55E44C3B97DCDBF /* Debug */,
				DD25437C3DF8436389F5D7BF /* Release */,
				8443E5785E9C4F2FAE9905AA /* MinSizeRel */,
				060BCC4AB3E84C95AAF0B4B4 /* RelWithDebInfo */,
			);
			defaultConfigurationIsVisible = 0;
			defaultConfigurationName = Debug;
		};
		34AE4FEC2A064392B4781F31 /* Build configuration list for PBXNativeTarget "SimpleFileSystem" */ = {
			isa = XCConfigurationList;
			buildConfigurations = (
				28AD0FE994A2471491E768C3 /* Debug */,
				50F41D4E853E4FB7B88EE6A5 /* Release */,
				6B2AE32784E34AA3A2627831 /* MinSizeRel */,
				F55A1FD202E34FF682A84FD8 /* RelWithDebInfo */,
			);
			defaultConfigurationIsVisible = 0;
			defaultConfigurationName = Debug;
		};
		67353E420EB143E1BC3AD88D /* Build configuration list for PBXProject "SimpleFileSystem" */ = {
			isa = XCConfigurationList;
			buildConfigurations = (
				630140A4BD304AC0A34276D4 /* Debug */,
				1099B7E642C24D69933697BC /* Release */,
				D79FFA95EE59423599C5348A /* MinSizeRel */,
				1912EB1F2FAE4F4C86524F96 /* RelWithDebInfo */,
			);
			defaultConfigurationIsVisible = 0;
			defaultConfigurationName = Debug;
		};
		C5CF25C3A7884353BA6AEDA0 /* Build configuration list for PBXAggregateTarget "ALL_BUILD" */ = {
			isa = XCConfigurationList;
			buildConfigurations = (
				A35AFAF93D46476C899A8BBB /* Debug */,
				E03F4A24B7E049ED912E7CE0 /* Release */,
				2CAC91E31DEA4B7184AFC0F4 /* MinSizeRel */,
				0D5055A4F4EE413F8AA6AF28 /* RelWithDebInfo */,
			);
			defaultConfigurationIsVisible = 0;
			defaultConfigurationName = Debug;
		};
/* End XCConfigurationList section */
	};
	rootObject = A88BAAC5D93E413E8A507037 /* Project object */;
}
